
Microsoft Visual Studio Solution File, Format Version 12.00
# Visual Studio Version 16
VisualStudioVersion = 16.0.30804.86
MinimumVisualStudioVersion = 10.0.40219.1
Project("{9A19103F-16F7-4668-BE54-9A1E7A4F7556}") = "BikeSharingAPI", "BikeSharingAPI\BikeSharingAPI.csproj", "{AF6F750F-ABEF-43AB-96B9-C67F46643587}"
EndProject
Project("{FAE04EC0-301F-11D3-BF4B-00C04F79EFBC}") = "BikeSharingAPI.Test", "BikeSharingAPI.Test\BikeSharingAPI.Test.csproj", "{58E304A9-1807-4349-9DF0-78298BAC0336}"
EndProject
Global
	GlobalSection(SolutionConfigurationPlatforms) = preSolution
		Debug|Any CPU = Debug|Any CPU
		Release|Any CPU = Release|Any CPU
	EndGlobalSection
	GlobalSection(ProjectConfigurationPlatforms) = postSolution
		{AF6F750F-ABEF-43AB-96B9-C67F46643587}.Debug|Any CPU.ActiveCfg = Debug|Any CPU
		{AF6F750F-ABEF-43AB-96B9-C67F46643587}.Debug|Any CPU.Build.0 = Debug|Any CPU
		{AF6F750F-ABEF-43AB-96B9-C67F46643587}.Release|Any CPU.ActiveCfg = Release|Any CPU
		{AF6F750F-ABEF-43AB-96B9-C67F46643587}.Release|Any CPU.Build.0 = Release|Any CPU
		{58E304A9-1807-4349-9DF0-78298BAC0336}.Debug|Any CPU.ActiveCfg = Debug|Any CPU
		{58E304A9-1807-4349-9DF0-78298BAC0336}.Debug|Any CPU.Build.0 = Debug|Any CPU
		{58E304A9-1807-4349-9DF0-78298BAC0336}.Release|Any CPU.ActiveCfg = Release|Any CPU
		{58E304A9-1807-4349-9DF0-78298BAC0336}.Release|Any CPU.Build.0 = Release|Any CPU
	EndGlobalSection
	GlobalSection(SolutionProperties) = preSolution
		HideSolutionNode = FALSE
	EndGlobalSection
	GlobalSection(ExtensibilityGlobals) = postSolution
		SolutionGuid = {5ED327C8-98F8-4CA8-A05F-571DCC895FC1}
	EndGlobalSection
EndGlobal
